
Microsoft Visual Studio Solution File, Format Version 12.00
# Visual Studio Version 16
VisualStudioVersion = 16.0.30804.86
MinimumVisualStudioVersion = 10.0.40219.1
Project("{FAE04EC0-301F-11D3-BF4B-00C04F79EFBC}") = "Drumpad_Machine", "Drumpad_Machine.csproj", "{BB4ED9F6-27BD-45D6-9C19-63986FDA0C94}"
EndProject
Global
	GlobalSection(SolutionConfigurationPlatforms) = preSolution
		Debug|Any CPU = Debug|Any CPU
		Release|Any CPU = Release|Any CPU
	EndGlobalSection
	GlobalSection(ProjectConfigurationPlatforms) = postSolution
		{BB4ED9F6-27BD-45D6-9C19-63986FDA0C94}.Debug|Any CPU.ActiveCfg = Debug|Any CPU
		{BB4ED9F6-27BD-45D6-9C19-63986FDA0C94}.Debug|Any CPU.Build.0 = Debug|Any CPU
		{BB4ED9F6-27BD-45D6-9C19-63986FDA0C94}.Release|Any CPU.ActiveCfg = Release|Any CPU
		{BB4ED9F6-27BD-45D6-9C19-63986FDA0C94}.Release|Any CPU.Build.0 = Release|Any CPU
	EndGlobalSection
	GlobalSection(SolutionProperties) = preSolution
		HideSolutionNode = FALSE
	EndGlobalSection
	GlobalSection(ExtensibilityGlobals) = postSolution
		SolutionGuid = {A2F1334C-6B93-4AD5-A705-E4B7E035D872}
	EndGlobalSection
EndGlobal
